
Microsoft Visual Studio Solution File, Format Version 12.00
# Visual Studio 15
VisualStudioVersion = 15.0.26206.0
MinimumVisualStudioVersion = 10.0.40219.1
Project("{FAE04EC0-301F-11D3-BF4B-00C04F79EFBC}") = "DdcSharp", "DdcSharp\DdcSharp.csproj", "{9BE15A7E-EB6A-407F-AB9D-BFC16D6A355E}"
EndProject
Project("{FAE04EC0-301F-11D3-BF4B-00C04F79EFBC}") = "DdcSharp.Tests", "DdcSharp.Tests\DdcSharp.Tests.csproj", "{8BD8B655-6461-4995-89DC-38F6553FA55B}"
EndProject
Project("{F2A71F9B-5D33-465A-A702-920D77279786}") = "DdcSharp.Core", "DdcSharp.Core\DdcSharp.Core.fsproj", "{6BE8F0C8-325C-492A-AF98-E28DBC5CDA2F}"
EndProject
Global
	GlobalSection(SolutionConfigurationPlatforms) = preSolution
		Debug|Any CPU = Debug|Any CPU
		Release|Any CPU = Release|Any CPU
	EndGlobalSection
	GlobalSection(ProjectConfigurationPlatforms) = postSolution
		{9BE15A7E-EB6A-407F-AB9D-BFC16D6A355E}.Debug|Any CPU.ActiveCfg = Debug|Any CPU
		{9BE15A7E-EB6A-407F-AB9D-BFC16D6A355E}.Debug|Any CPU.Build.0 = Debug|Any CPU
		{9BE15A7E-EB6A-407F-AB9D-BFC16D6A355E}.Release|Any CPU.ActiveCfg = Release|Any CPU
		{9BE15A7E-EB6A-407F-AB9D-BFC16D6A355E}.Release|Any CPU.Build.0 = Release|Any CPU
		{8BD8B655-6461-4995-89DC-38F6553FA55B}.Debug|Any CPU.ActiveCfg = Debug|Any CPU
		{8BD8B655-6461-4995-89DC-38F6553FA55B}.Debug|Any CPU.Build.0 = Debug|Any CPU
		{8BD8B655-6461-4995-89DC-38F6553FA55B}.Release|Any CPU.ActiveCfg = Release|Any CPU
		{8BD8B655-6461-4995-89DC-38F6553FA55B}.Release|Any CPU.Build.0 = Release|Any CPU
		{6BE8F0C8-325C-492A-AF98-E28DBC5CDA2F}.Debug|Any CPU.ActiveCfg = Debug|Any CPU
		{6BE8F0C8-325C-492A-AF98-E28DBC5CDA2F}.Debug|Any CPU.Build.0 = Debug|Any CPU
		{6BE8F0C8-325C-492A-AF98-E28DBC5CDA2F}.Release|Any CPU.ActiveCfg = Release|Any CPU
		{6BE8F0C8-325C-492A-AF98-E28DBC5CDA2F}.Release|Any CPU.Build.0 = Release|Any CPU
	EndGlobalSection
	GlobalSection(SolutionProperties) = preSolution
		HideSolutionNode = FALSE
	EndGlobalSection
EndGlobal
